// !$*UTF8*$!
{
	archiveVersion = 1;
	classes = {
	};
	objectVersion = 48;
	objects = {

/* Begin PBXBuildFile section */
		114E65481F794878000190A0 /* AppDelegate.swift in Sources */ = {isa = PBXBuildFile; fileRef = 114E65471F794878000190A0 /* AppDelegate.swift */; };
		114E654A1F794878000190A0 /* Assets.xcassets in Resources */ = {isa = PBXBuildFile; fileRef = 114E65491F794878000190A0 /* Assets.xcassets */; };
		114E654D1F794878000190A0 /* MainMenu.xib in Resources */ = {isa = PBXBuildFile; fileRef = 114E654B1F794878000190A0 /* MainMenu.xib */; };
		114E65591F794878000190A0 /* CopyGeneratorTests.swift in Sources */ = {isa = PBXBuildFile; fileRef = 114E65581F794878000190A0 /* CopyGeneratorTests.swift */; };
/* End PBXBuildFile section */

/* Begin PBXContainerItemProxy section */
		114E65551F794878000190A0 /* PBXContainerItemProxy */ = {
			isa = PBXContainerItemProxy;
			containerPortal = 114E653C1F794878000190A0 /* Project object */;
			proxyType = 1;
			remoteGlobalIDString = 114E65431F794878000190A0;
			remoteInfo = CopyGenerator;
		};
/* End PBXContainerItemProxy section */

/* Begin PBXFileReference section */
		114E65441F794878000190A0 /* CopyGenerator.app */ = {isa = PBXFileReference; explicitFileType = wrapper.application; includeInIndex = 0; path = CopyGenerator.app; sourceTree = BUILT_PRODUCTS_DIR; };
		114E65471F794878000190A0 /* AppDelegate.swift */ = {isa = PBXFileReference; lastKnownFileType = sourcecode.swift; path = AppDelegate.swift; sourceTree = "<group>"; };
		114E65491F794878000190A0 /* Assets.xcassets */ = {isa = PBXFileReference; lastKnownFileType = folder.assetcatalog; path = Assets.xcassets; sourceTree = "<group>"; };
		114E654C1F794878000190A0 /* Base */ = {isa = PBXFileReference; lastKnownFileType = file.xib; name = Base; path = Base.lproj/MainMenu.xib; sourceTree = "<group>"; };
		114E654E1F794878000190A0 /* Info.plist */ = {isa = PBXFileReference; lastKnownFileType = text.plist.xml; path = Info.plist; sourceTree = "<group>"; };
		114E654F1F794878000190A0 /* CopyGenerator.entitlements */ = {isa = PBXFileReference; lastKnownFileType = text.plist.entitlements; path = CopyGenerator.entitlements; sourceTree = "<group>"; };
		114E65541F794878000190A0 /* CopyGeneratorTests.xctest */ = {isa = PBXFileReference; explicitFileType = wrapper.cfbundle; includeInIndex = 0; path = CopyGeneratorTests.xctest; sourceTree = BUILT_PRODUCTS_DIR; };
		114E65581F794878000190A0 /* CopyGeneratorTests.swift */ = {isa = PBXFileReference; lastKnownFileType = sourcecode.swift; path = CopyGeneratorTests.swift; sourceTree = "<group>"; };
		114E655A1F794878000190A0 /* Info.plist */ = {isa = PBXFileReference; lastKnownFileType = text.plist.xml; path = Info.plist; sourceTree = "<group>"; };
/* End PBXFileReference section */

/* Begin PBXFrameworksBuildPhase section */
		114E65411F794878000190A0 /* Frameworks */ = {
			isa = PBXFrameworksBuildPhase;
			buildActionMask = 2147483647;
			files = (
			);
			runOnlyForDeploymentPostprocessing = 0;
		};
		114E65511F794878000190A0 /* Frameworks */ = {
			isa = PBXFrameworksBuildPhase;
			buildActionMask = 2147483647;
			files = (
			);
			runOnlyForDeploymentPostprocessing = 0;
		};
/* End PBXFrameworksBuildPhase section */

/* Begin PBXGroup section */
		114E653B1F794878000190A0 = {
			isa = PBXGroup;
			children = (
				114E65461F794878000190A0 /* CopyGenerator */,
				114E65571F794878000190A0 /* CopyGeneratorTests */,
				114E65451F794878000190A0 /* Products */,
			);
			sourceTree = "<group>";
		};
		114E65451F794878000190A0 /* Products */ = {
			isa = PBXGroup;
			children = (
				114E65441F794878000190A0 /* CopyGenerator.app */,
				114E65541F794878000190A0 /* CopyGeneratorTests.xctest */,
			);
			name = Products;
			sourceTree = "<group>";
		};
		114E65461F794878000190A0 /* CopyGenerator */ = {
			isa = PBXGroup;
			children = (
				114E65471F794878000190A0 /* AppDelegate.swift */,
				114E65491F794878000190A0 /* Assets.xcassets */,
				114E654B1F794878000190A0 /* MainMenu.xib */,
				114E654E1F794878000190A0 /* Info.plist */,
				114E654F1F794878000190A0 /* CopyGenerator.entitlements */,
			);
			path = CopyGenerator;
			sourceTree = "<group>";
		};
		114E65571F794878000190A0 /* CopyGeneratorTests */ = {
			isa = PBXGroup;
			children = (
				114E65581F794878000190A0 /* CopyGeneratorTests.swift */,
				114E655A1F794878000190A0 /* Info.plist */,
			);
			path = CopyGeneratorTests;
			sourceTree = "<group>";
		};
/* End PBXGroup section */

/* Begin PBXNativeTarget section */
		114E65431F794878000190A0 /* CopyGenerator */ = {
			isa = PBXNativeTarget;
			buildConfigurationList = 114E655D1F794878000190A0 /* Build configuration list for PBXNativeTarget "CopyGenerator" */;
			buildPhases = (
				114E65401F794878000190A0 /* Sources */,
				114E65411F794878000190A0 /* Frameworks */,
				114E65421F794878000190A0 /* Resources */,
			);
			buildRules = (
			);
			dependencies = (
			);
			name = CopyGenerator;
			productName = CopyGenerator;
			productReference = 114E65441F794878000190A0 /* CopyGenerator.app */;
			productType = "com.apple.product-type.application";
		};
		114E65531F794878000190A0 /* CopyGeneratorTests */ = {
			isa = PBXNativeTarget;
			buildConfigurationList = 114E65601F794878000190A0 /* Build configuration list for PBXNativeTarget "CopyGeneratorTests" */;
			buildPhases = (
				114E65501F794878000190A0 /* Sources */,
				114E65511F794878000190A0 /* Frameworks */,
				114E65521F794878000190A0 /* Resources */,
			);
			buildRules = (
			);
			dependencies = (
				114E65561F794878000190A0 /* PBXTargetDependency */,
			);
			name = CopyGeneratorTests;
			productName = CopyGeneratorTests;
			productReference = 114E65541F794878000190A0 /* CopyGeneratorTests.xctest */;
			productType = "com.apple.product-type.bundle.unit-test";
		};
/* End PBXNativeTarget section */

/* Begin PBXProject section */
		114E653C1F794878000190A0 /* Project object */ = {
			isa = PBXProject;
			attributes = {
				LastSwiftUpdateCheck = 0900;
				LastUpgradeCheck = 0900;
				ORGANIZATIONNAME = "Tomás Ruiz López";
				TargetAttributes = {
					114E65431F794878000190A0 = {
						CreatedOnToolsVersion = 9.0;
						ProvisioningStyle = Automatic;
					};
					114E65531F794878000190A0 = {
						CreatedOnToolsVersion = 9.0;
						ProvisioningStyle = Automatic;
						TestTargetID = 114E65431F794878000190A0;
					};
				};
			};
			buildConfigurationList = 114E653F1F794878000190A0 /* Build configuration list for PBXProject "CopyGenerator" */;
			compatibilityVersion = "Xcode 8.0";
			developmentRegion = en;
			hasScannedForEncodings = 0;
			knownRegions = (
				en,
				Base,
			);
			mainGroup = 114E653B1F794878000190A0;
			productRefGroup = 114E65451F794878000190A0 /* Products */;
			projectDirPath = "";
			projectRoot = "";
			targets = (
				114E65431F794878000190A0 /* CopyGenerator */,
				114E65531F794878000190A0 /* CopyGeneratorTests */,
			);
		};
/* End PBXProject section */

/* Begin PBXResourcesBuildPhase section */
		114E65421F794878000190A0 /* Resources */ = {
			isa = PBXResourcesBuildPhase;
			buildActionMask = 2147483647;
			files = (
				114E654A1F794878000190A0 /* Assets.xcassets in Resources */,
				114E654D1F794878000190A0 /* MainMenu.xib in Resources */,
			);
			runOnlyForDeploymentPostprocessing = 0;
		};
		114E65521F794878000190A0 /* Resources */ = {
			isa = PBXResourcesBuildPhase;
			buildActionMask = 2147483647;
			files = (
			);
			runOnlyForDeploymentPostprocessing = 0;
		};
/* End PBXResourcesBuildPhase section */

/* Begin PBXSourcesBuildPhase section */
		114E65401F794878000190A0 /* Sources */ = {
			isa = PBXSourcesBuildPhase;
			buildActionMask = 2147483647;
			files = (
				114E65481F794878000190A0 /* AppDelegate.swift in Sources */,
			);
			runOnlyForDeploymentPostprocessing = 0;
		};
		114E65501F794878000190A0 /* Sources */ = {
			isa = PBXSourcesBuildPhase;
			buildActionMask = 2147483647;
			files = (
				114E65591F794878000190A0 /* CopyGeneratorTests.swift in Sources */,
			);
			runOnlyForDeploymentPostprocessing = 0;
		};
/* End PBXSourcesBuildPhase section */

/* Begin PBXTargetDependency section */
		114E65561F794878000190A0 /* PBXTargetDependency */ = {
			isa = PBXTargetDependency;
			target = 114E65431F794878000190A0 /* CopyGenerator */;
			targetProxy = 114E65551F794878000190A0 /* PBXContainerItemProxy */;
		};
/* End PBXTargetDependency section */

/* Begin PBXVariantGroup section */
		114E654B1F794878000190A0 /* MainMenu.xib */ = {
			isa = PBXVariantGroup;
			children = (
				114E654C1F794878000190A0 /* Base */,
			);
			name = MainMenu.xib;
			sourceTree = "<group>";
		};
/* End PBXVariantGroup section */

/* Begin XCBuildConfiguration section */
		114E655B1F794878000190A0 /* Debug */ = {
			isa = XCBuildConfiguration;
			buildSettings = {
				ALWAYS_SEARCH_USER_PATHS = NO;
				CLANG_ANALYZER_NONNULL = YES;
				CLANG_ANALYZER_NUMBER_OBJECT_CONVERSION = YES_AGGRESSIVE;
				CLANG_CXX_LANGUAGE_STANDARD = "gnu++14";
				CLANG_CXX_LIBRARY = "libc++";
				CLANG_ENABLE_MODULES = YES;
				CLANG_ENABLE_OBJC_ARC = YES;
				CLANG_WARN_BLOCK_CAPTURE_AUTORELEASING = YES;
				CLANG_WARN_BOOL_CONVERSION = YES;
				CLANG_WARN_COMMA = YES;
				CLANG_WARN_CONSTANT_CONVERSION = YES;
				CLANG_WARN_DIRECT_OBJC_ISA_USAGE = YES_ERROR;
				CLANG_WARN_DOCUMENTATION_COMMENTS = YES;
				CLANG_WARN_EMPTY_BODY = YES;
				CLANG_WARN_ENUM_CONVERSION = YES;
				CLANG_WARN_INFINITE_RECURSION = YES;
				CLANG_WARN_INT_CONVERSION = YES;
				CLANG_WARN_NON_LITERAL_NULL_CONVERSION = YES;
				CLANG_WARN_OBJC_LITERAL_CONVERSION = YES;
				CLANG_WARN_OBJC_ROOT_CLASS = YES_ERROR;
				CLANG_WARN_RANGE_LOOP_ANALYSIS = YES;
				CLANG_WARN_STRICT_PROTOTYPES = YES;
				CLANG_WARN_SUSPICIOUS_MOVE = YES;
				CLANG_WARN_UNGUARDED_AVAILABILITY = YES_AGGRESSIVE;
				CLANG_WARN_UNREACHABLE_CODE = YES;
				CLANG_WARN__DUPLICATE_METHOD_MATCH = YES;
				CODE_SIGN_IDENTITY = "Mac Developer";
				COPY_PHASE_STRIP = NO;
				DEBUG_INFORMATION_FORMAT = dwarf;
				ENABLE_STRICT_OBJC_MSGSEND = YES;
				ENABLE_TESTABILITY = YES;
				GCC_C_LANGUAGE_STANDARD = gnu11;
				GCC_DYNAMIC_NO_PIC = NO;
				GCC_NO_COMMON_BLOCKS = YES;
				GCC_OPTIMIZATION_LEVEL = 0;
				GCC_PREPROCESSOR_DEFINITIONS = (
					"DEBUG=1",
					"$(inherited)",
				);
				GCC_WARN_64_TO_32_BIT_CONVERSION = YES;
				GCC_WARN_ABOUT_RETURN_TYPE = YES_ERROR;
				GCC_WARN_UNDECLARED_SELECTOR = YES;
				GCC_WARN_UNINITIALIZED_AUTOS = YES_AGGRESSIVE;
				GCC_WARN_UNUSED_FUNCTION = YES;
				GCC_WARN_UNUSED_VARIABLE = YES;
				MACOSX_DEPLOYMENT_TARGET = 10.12;
				MTL_ENABLE_DEBUG_INFO = YES;
				ONLY_ACTIVE_ARCH = YES;
				SDKROOT = macosx;
				SWIFT_ACTIVE_COMPILATION_CONDITIONS = DEBUG;
				SWIFT_OPTIMIZATION_LEVEL = "-Onone";
			};
			name = Debug;
		};
		114E655C1F794878000190A0 /* Release */ = {
			isa = XCBuildConfiguration;
			buildSettings = {
				ALWAYS_SEARCH_USER_PATHS = NO;
				CLANG_ANALYZER_NONNULL = YES;
				CLANG_ANALYZER_NUMBER_OBJECT_CONVERSION = YES_AGGRESSIVE;
				CLANG_CXX_LANGUAGE_STANDARD = "gnu++14";
				CLANG_CXX_LIBRARY = "libc++";
				CLANG_ENABLE_MODULES = YES;
				CLANG_ENABLE_OBJC_ARC = YES;
				CLANG_WARN_BLOCK_CAPTURE_AUTORELEASING = YES;
				CLANG_WARN_BOOL_CONVERSION = YES;
				CLANG_WARN_COMMA = YES;
				CLANG_WARN_CONSTANT_CONVERSION = YES;
				CLANG_WARN_DIRECT_OBJC_ISA_USAGE = YES_ERROR;
				CLANG_WARN_DOCUMENTATION_COMMENTS = YES;
				CLANG_WARN_EMPTY_BODY = YES;
				CLANG_WARN_ENUM_CONVERSION = YES;
				CLANG_WARN_INFINITE_RECURSION = YES;
				CLANG_WARN_INT_CONVERSION = YES;
				CLANG_WARN_NON_LITERAL_NULL_CONVERSION = YES;
				CLANG_WARN_OBJC_LITERAL_CONVERSION = YES;
				CLANG_WARN_OBJC_ROOT_CLASS = YES_ERROR;
				CLANG_WARN_RANGE_LOOP_ANALYSIS = YES;
				CLANG_WARN_STRICT_PROTOTYPES = YES;
				CLANG_WARN_SUSPICIOUS_MOVE = YES;
				CLANG_WARN_UNGUARDED_AVAILABILITY = YES_AGGRESSIVE;
				CLANG_WARN_UNREACHABLE_CODE = YES;
				CLANG_WARN__DUPLICATE_METHOD_MATCH = YES;
				CODE_SIGN_IDENTITY = "Mac Developer";
				COPY_PHASE_STRIP = NO;
				DEBUG_INFORMATION_FORMAT = "dwarf-with-dsym";
				ENABLE_NS_ASSERTIONS = NO;
				ENABLE_STRICT_OBJC_MSGSEND = YES;
				GCC_C_LANGUAGE_STANDARD = gnu11;
				GCC_NO_COMMON_BLOCKS = YES;
				GCC_WARN_64_TO_32_BIT_CONVERSION = YES;
				GCC_WARN_ABOUT_RETURN_TYPE = YES_ERROR;
				GCC_WARN_UNDECLARED_SELECTOR = YES;
				GCC_WARN_UNINITIALIZED_AUTOS = YES_AGGRESSIVE;
				GCC_WARN_UNUSED_FUNCTION = YES;
				GCC_WARN_UNUSED_VARIABLE = YES;
				MACOSX_DEPLOYMENT_TARGET = 10.12;
				MTL_ENABLE_DEBUG_INFO = NO;
				SDKROOT = macosx;
				SWIFT_OPTIMIZATION_LEVEL = "-Owholemodule";
			};
			name = Release;
		};
		114E655E1F794878000190A0 /* Debug */ = {
			isa = XCBuildConfiguration;
			buildSettings = {
				ASSETCATALOG_COMPILER_APPICON_NAME = AppIcon;
				CODE_SIGN_ENTITLEMENTS = CopyGenerator/CopyGenerator.entitlements;
				CODE_SIGN_STYLE = Automatic;
				COMBINE_HIDPI_IMAGES = YES;
				DEVELOPMENT_TEAM = LVEGP727J6;
				INFOPLIST_FILE = CopyGenerator/Info.plist;
				LD_RUNPATH_SEARCH_PATHS = "$(inherited) @executable_path/../Frameworks";
				PRODUCT_BUNDLE_IDENTIFIER = com.truizlop.CopyGenerator;
				PRODUCT_NAME = "$(TARGET_NAME)";
				SWIFT_VERSION = 4.0;
			};
			name = Debug;
		};
		114E655F1F794878000190A0 /* Release */ = {
			isa = XCBuildConfiguration;
			buildSettings = {
				ASSETCATALOG_COMPILER_APPICON_NAME = AppIcon;
				CODE_SIGN_ENTITLEMENTS = CopyGenerator/CopyGenerator.entitlements;
				CODE_SIGN_STYLE = Automatic;
				COMBINE_HIDPI_IMAGES = YES;
				DEVELOPMENT_TEAM = LVEGP727J6;
				INFOPLIST_FILE = CopyGenerator/Info.plist;
				LD_RUNPATH_SEARCH_PATHS = "$(inherited) @executable_path/../Frameworks";
				PRODUCT_BUNDLE_IDENTIFIER = com.truizlop.CopyGenerator;
				PRODUCT_NAME = "$(TARGET_NAME)";
				SWIFT_VERSION = 4.0;
			};
			name = Release;
		};
		114E65611F794878000190A0 /* Debug */ = {
			isa = XCBuildConfiguration;
			buildSettings = {
				ALWAYS_EMBED_SWIFT_STANDARD_LIBRARIES = YES;
				BUNDLE_LOADER = "$(TEST_HOST)";
				CODE_SIGN_STYLE = Automatic;
				COMBINE_HIDPI_IMAGES = YES;
				DEVELOPMENT_TEAM = LVEGP727J6;
				INFOPLIST_FILE = CopyGeneratorTests/Info.plist;
				LD_RUNPATH_SEARCH_PATHS = "$(inherited) @executable_path/../Frameworks @loader_path/../Frameworks";
				PRODUCT_BUNDLE_IDENTIFIER = com.truizlop.CopyGeneratorTests;
				PRODUCT_NAME = "$(TARGET_NAME)";
				SWIFT_VERSION = 4.0;
				TEST_HOST = "$(BUILT_PRODUCTS_DIR)/CopyGenerator.app/Contents/MacOS/CopyGenerator";
			};
			name = Debug;
		};
		114E65621F794878000190A0 /* Release */ = {
			isa = XCBuildConfiguration;
			buildSettings = {
				ALWAYS_EMBED_SWIFT_STANDARD_LIBRARIES = YES;
				BUNDLE_LOADER = "$(TEST_HOST)";
				CODE_SIGN_STYLE = Automatic;
				COMBINE_HIDPI_IMAGES = YES;
				DEVELOPMENT_TEAM = LVEGP727J6;
				INFOPLIST_FILE = CopyGeneratorTests/Info.plist;
				LD_RUNPATH_SEARCH_PATHS = "$(inherited) @executable_path/../Frameworks @loader_path/../Frameworks";
				PRODUCT_BUNDLE_IDENTIFIER = com.truizlop.CopyGeneratorTests;
				PRODUCT_NAME = "$(TARGET_NAME)";
				SWIFT_VERSION = 4.0;
				TEST_HOST = "$(BUILT_PRODUCTS_DIR)/CopyGenerator.app/Contents/MacOS/CopyGenerator";
			};
			name = Release;
		};
/* End XCBuildConfiguration section */

/* Begin XCConfigurationList section */
		114E653F1F794878000190A0 /* Build configuration list for PBXProject "CopyGenerator" */ = {
			isa = XCConfigurationList;
			buildConfigurations = (
				114E655B1F794878000190A0 /* Debug */,
				114E655C1F794878000190A0 /* Release */,
			);
			defaultConfigurationIsVisible = 0;
			defaultConfigurationName = Release;
		};
		114E655D1F794878000190A0 /* Build configuration list for PBXNativeTarget "CopyGenerator" */ = {
			isa = XCConfigurationList;
			buildConfigurations = (
				114E655E1F794878000190A0 /* Debug */,
				114E655F1F794878000190A0 /* Release */,
			);
			defaultConfigurationIsVisible = 0;
			defaultConfigurationName = Release;
		};
		114E65601F794878000190A0 /* Build configuration list for PBXNativeTarget "CopyGeneratorTests" */ = {
			isa = XCConfigurationList;
			buildConfigurations = (
				114E65611F794878000190A0 /* Debug */,
				114E65621F794878000190A0 /* Release */,
			);
			defaultConfigurationIsVisible = 0;
			defaultConfigurationName = Release;
		};
/* End XCConfigurationList section */
	};
	rootObject = 114E653C1F794878000190A0 /* Project object */;
}
